// !$*UTF8*$!
{
	archiveVersion = 1;
	classes = {
	};
	objectVersion = 48;
	objects = {

/* Begin PBXBuildFile section */
		8412D9FD22C0772500EB52A1 /* AppDelegate.swift in Sources */ = {isa = PBXBuildFile; fileRef = 8412D9FC22C0772500EB52A1 /* AppDelegate.swift */; };
		8412DA0222C0772500EB52A1 /* Main.storyboard in Resources */ = {isa = PBXBuildFile; fileRef = 8412DA0022C0772500EB52A1 /* Main.storyboard */; };
		8412DA0522C0772500EB52A1 /* passwordSecure.xcdatamodeld in Sources */ = {isa = PBXBuildFile; fileRef = 8412DA0322C0772500EB52A1 /* passwordSecure.xcdatamodeld */; };
		8412DA0722C0772500EB52A1 /* Assets.xcassets in Resources */ = {isa = PBXBuildFile; fileRef = 8412DA0622C0772500EB52A1 /* Assets.xcassets */; };
		8412DA0A22C0772500EB52A1 /* LaunchScreen.storyboard in Resources */ = {isa = PBXBuildFile; fileRef = 8412DA0822C0772500EB52A1 /* LaunchScreen.storyboard */; };
		8412DA1222C0777800EB52A1 /* PasswordSaverTableViewController.swift in Sources */ = {isa = PBXBuildFile; fileRef = 8412DA1122C0777800EB52A1 /* PasswordSaverTableViewController.swift */; };
		8412DA1422C0792900EB52A1 /* DetailsViewController.swift in Sources */ = {isa = PBXBuildFile; fileRef = 8412DA1322C0792900EB52A1 /* DetailsViewController.swift */; };
		8412DA1B22C083ED00EB52A1 /* Password+CoreDataClass.swift in Sources */ = {isa = PBXBuildFile; fileRef = 8412DA1922C083ED00EB52A1 /* Password+CoreDataClass.swift */; };
		8412DA1C22C083ED00EB52A1 /* Password+CoreDataProperties.swift in Sources */ = {isa = PBXBuildFile; fileRef = 8412DA1A22C083ED00EB52A1 /* Password+CoreDataProperties.swift */; };
/* End PBXBuildFile section */

/* Begin PBXFileReference section */
		8412D9F922C0772500EB52A1 /* password.app */ = {isa = PBXFileReference; explicitFileType = wrapper.application; includeInIndex = 0; path = password.app; sourceTree = BUILT_PRODUCTS_DIR; };
		8412D9FC22C0772500EB52A1 /* AppDelegate.swift */ = {isa = PBXFileReference; lastKnownFileType = sourcecode.swift; path = AppDelegate.swift; sourceTree = "<group>"; };
		8412DA0122C0772500EB52A1 /* Base */ = {isa = PBXFileReference; lastKnownFileType = file.storyboard; name = Base; path = Base.lproj/Main.storyboard; sourceTree = "<group>"; };
		8412DA0422C0772500EB52A1 /* password.xcdatamodel */ = {isa = PBXFileReference; lastKnownFileType = wrapper.xcdatamodel; path = password.xcdatamodel; sourceTree = "<group>"; };
		8412DA0622C0772500EB52A1 /* Assets.xcassets */ = {isa = PBXFileReference; lastKnownFileType = folder.assetcatalog; path = Assets.xcassets; sourceTree = "<group>"; };
		8412DA0922C0772500EB52A1 /* Base */ = {isa = PBXFileReference; lastKnownFileType = file.storyboard; name = Base; path = Base.lproj/LaunchScreen.storyboard; sourceTree = "<group>"; };
		8412DA0B22C0772500EB52A1 /* Info.plist */ = {isa = PBXFileReference; lastKnownFileType = text.plist.xml; path = Info.plist; sourceTree = "<group>"; };
		8412DA1122C0777800EB52A1 /* PasswordSaverTableViewController.swift */ = {isa = PBXFileReference; lastKnownFileType = sourcecode.swift; path = PasswordSaverTableViewController.swift; sourceTree = "<group>"; };
		8412DA1322C0792900EB52A1 /* DetailsViewController.swift */ = {isa = PBXFileReference; lastKnownFileType = sourcecode.swift; path = DetailsViewController.swift; sourceTree = "<group>"; };
		8412DA1922C083ED00EB52A1 /* Password+CoreDataClass.swift */ = {isa = PBXFileReference; lastKnownFileType = sourcecode.swift; path = "Password+CoreDataClass.swift"; sourceTree = "<group>"; };
		8412DA1A22C083ED00EB52A1 /* Password+CoreDataProperties.swift */ = {isa = PBXFileReference; lastKnownFileType = sourcecode.swift; path = "Password+CoreDataProperties.swift"; sourceTree = "<group>"; };
/* End PBXFileReference section */

/* Begin PBXFrameworksBuildPhase section */
		8412D9F622C0772500EB52A1 /* Frameworks */ = {
			isa = PBXFrameworksBuildPhase;
			buildActionMask = 2147483647;
			files = (
			);
			runOnlyForDeploymentPostprocessing = 0;
		};
/* End PBXFrameworksBuildPhase section */

/* Begin PBXGroup section */
		8412D9F022C0772500EB52A1 = {
			isa = PBXGroup;
			children = (
				8412DA1922C083ED00EB52A1 /* Password+CoreDataClass.swift */,
				8412DA1A22C083ED00EB52A1 /* Password+CoreDataProperties.swift */,
				8412D9FB22C0772500EB52A1 /* password */,
				8412D9FA22C0772500EB52A1 /* Products */,
			);
			sourceTree = "<group>";
		};
		8412D9FA22C0772500EB52A1 /* Products */ = {
			isa = PBXGroup;
			children = (
				8412D9F922C0772500EB52A1 /* password.app */,
			);
			name = Products;
			sourceTree = "<group>";
		};
		8412D9FB22C0772500EB52A1 /* password */ = {
			isa = PBXGroup;
			children = (
				8412D9FC22C0772500EB52A1 /* AppDelegate.swift */,
				8412DA0022C0772500EB52A1 /* Main.storyboard */,
				8412DA0622C0772500EB52A1 /* Assets.xcassets */,
				8412DA0822C0772500EB52A1 /* LaunchScreen.storyboard */,
				8412DA0B22C0772500EB52A1 /* Info.plist */,
				8412DA0322C0772500EB52A1 /* passwordSecure.xcdatamodeld */,
				8412DA1122C0777800EB52A1 /* PasswordSaverTableViewController.swift */,
				8412DA1322C0792900EB52A1 /* DetailsViewController.swift */,
			);
			path = password;
			sourceTree = "<group>";
		};
/* End PBXGroup section */

/* Begin PBXNativeTarget section */
		8412D9F822C0772500EB52A1 /* password */ = {
			isa = PBXNativeTarget;
			buildConfigurationList = 8412DA0E22C0772500EB52A1 /* Build configuration list for PBXNativeTarget "password" */;
			buildPhases = (
				8412D9F522C0772500EB52A1 /* Sources */,
				8412D9F622C0772500EB52A1 /* Frameworks */,
				8412D9F722C0772500EB52A1 /* Resources */,
			);
			buildRules = (
			);
			dependencies = (
			);
			name = password;
			productName = password;
			productReference = 8412D9F922C0772500EB52A1 /* password.app */;
			productType = "com.apple.product-type.application";
		};
/* End PBXNativeTarget section */

/* Begin PBXProject section */
		8412D9F122C0772500EB52A1 /* Project object */ = {
			isa = PBXProject;
			attributes = {
				LastSwiftUpdateCheck = 0900;
				LastUpgradeCheck = 0900;
				ORGANIZATIONNAME = admin;
				TargetAttributes = {
					8412D9F822C0772500EB52A1 = {
						CreatedOnToolsVersion = 9.0.1;
						ProvisioningStyle = Automatic;
					};
				};
			};
			buildConfigurationList = 8412D9F422C0772500EB52A1 /* Build configuration list for PBXProject "password" */;
			compatibilityVersion = "Xcode 8.0";
			developmentRegion = en;
			hasScannedForEncodings = 0;
			knownRegions = (
				en,
				Base,
			);
			mainGroup = 8412D9F022C0772500EB52A1;
			productRefGroup = 8412D9FA22C0772500EB52A1 /* Products */;
			projectDirPath = "";
			projectRoot = "";
			targets = (
				8412D9F822C0772500EB52A1 /* password */,
			);
		};
/* End PBXProject section */

/* Begin PBXResourcesBuildPhase section */
		8412D9F722C0772500EB52A1 /* Resources */ = {
			isa = PBXResourcesBuildPhase;
			buildActionMask = 2147483647;
			files = (
				8412DA0A22C0772500EB52A1 /* LaunchScreen.storyboard in Resources */,
				8412DA0722C0772500EB52A1 /* Assets.xcassets in Resources */,
				8412DA0222C0772500EB52A1 /* Main.storyboard in Resources */,
			);
			runOnlyForDeploymentPostprocessing = 0;
		};
/* End PBXResourcesBuildPhase section */

/* Begin PBXSourcesBuildPhase section */
		8412D9F522C0772500EB52A1 /* Sources */ = {
			isa = PBXSourcesBuildPhase;
			buildActionMask = 2147483647;
			files = (
				8412DA1B22C083ED00EB52A1 /* Password+CoreDataClass.swift in Sources */,
				8412DA1222C0777800EB52A1 /* PasswordSaverTableViewController.swift in Sources */,
				8412DA1C22C083ED00EB52A1 /* Password+CoreDataProperties.swift in Sources */,
				8412DA0522C0772500EB52A1 /* passwordSecure.xcdatamodeld in Sources */,
				8412D9FD22C0772500EB52A1 /* AppDelegate.swift in Sources */,
				8412DA1422C0792900EB52A1 /* DetailsViewController.swift in Sources */,
			);
			runOnlyForDeploymentPostprocessing = 0;
		};
/* End PBXSourcesBuildPhase section */

/* Begin PBXVariantGroup section */
		8412DA0022C0772500EB52A1 /* Main.storyboard */ = {
			isa = PBXVariantGroup;
			children = (
				8412DA0122C0772500EB52A1 /* Base */,
			);
			name = Main.storyboard;
			sourceTree = "<group>";
		};
		8412DA0822C0772500EB52A1 /* LaunchScreen.storyboard */ = {
			isa = PBXVariantGroup;
			children = (
				8412DA0922C0772500EB52A1 /* Base */,
			);
			name = LaunchScreen.storyboard;
			sourceTree = "<group>";
		};
/* End PBXVariantGroup section */

/* Begin XCBuildConfiguration section */
		8412DA0C22C0772500EB52A1 /* Debug */ = {
			isa = XCBuildConfiguration;
			buildSettings = {
				ALWAYS_SEARCH_USER_PATHS = NO;
				CLANG_ANALYZER_NONNULL = YES;
				CLANG_ANALYZER_NUMBER_OBJECT_CONVERSION = YES_AGGRESSIVE;
				CLANG_CXX_LANGUAGE_STANDARD = "gnu++14";
				CLANG_CXX_LIBRARY = "libc++";
				CLANG_ENABLE_MODULES = YES;
				CLANG_ENABLE_OBJC_ARC = YES;
				CLANG_WARN_BLOCK_CAPTURE_AUTORELEASING = YES;
				CLANG_WARN_BOOL_CONVERSION = YES;
				CLANG_WARN_COMMA = YES;
				CLANG_WARN_CONSTANT_CONVERSION = YES;
				CLANG_WARN_DIRECT_OBJC_ISA_USAGE = YES_ERROR;
				CLANG_WARN_DOCUMENTATION_COMMENTS = YES;
				CLANG_WARN_EMPTY_BODY = YES;
				CLANG_WARN_ENUM_CONVERSION = YES;
				CLANG_WARN_INFINITE_RECURSION = YES;
				CLANG_WARN_INT_CONVERSION = YES;
				CLANG_WARN_NON_LITERAL_NULL_CONVERSION = YES;
				CLANG_WARN_OBJC_LITERAL_CONVERSION = YES;
				CLANG_WARN_OBJC_ROOT_CLASS = YES_ERROR;
				CLANG_WARN_RANGE_LOOP_ANALYSIS = YES;
				CLANG_WARN_STRICT_PROTOTYPES = YES;
				CLANG_WARN_SUSPICIOUS_MOVE = YES;
				CLANG_WARN_UNGUARDED_AVAILABILITY = YES_AGGRESSIVE;
				CLANG_WARN_UNREACHABLE_CODE = YES;
				CLANG_WARN__DUPLICATE_METHOD_MATCH = YES;
				CODE_SIGN_IDENTITY = "iPhone Developer";
				COPY_PHASE_STRIP = NO;
				DEBUG_INFORMATION_FORMAT = dwarf;
				ENABLE_STRICT_OBJC_MSGSEND = YES;
				ENABLE_TESTABILITY = YES;
				GCC_C_LANGUAGE_STANDARD = gnu11;
				GCC_DYNAMIC_NO_PIC = NO;
				GCC_NO_COMMON_BLOCKS = YES;
				GCC_OPTIMIZATION_LEVEL = 0;
				GCC_PREPROCESSOR_DEFINITIONS = (
					"DEBUG=1",
					"$(inherited)",
				);
				GCC_WARN_64_TO_32_BIT_CONVERSION = YES;
				GCC_WARN_ABOUT_RETURN_TYPE = YES_ERROR;
				GCC_WARN_UNDECLARED_SELECTOR = YES;
				GCC_WARN_UNINITIALIZED_AUTOS = YES_AGGRESSIVE;
				GCC_WARN_UNUSED_FUNCTION = YES;
				GCC_WARN_UNUSED_VARIABLE = YES;
				IPHONEOS_DEPLOYMENT_TARGET = 11.0;
				MTL_ENABLE_DEBUG_INFO = YES;
				ONLY_ACTIVE_ARCH = YES;
				SDKROOT = iphoneos;
				SWIFT_ACTIVE_COMPILATION_CONDITIONS = DEBUG;
				SWIFT_OPTIMIZATION_LEVEL = "-Onone";
			};
			name = Debug;
		};
		8412DA0D22C0772500EB52A1 /* Release */ = {
			isa = XCBuildConfiguration;
			buildSettings = {
				ALWAYS_SEARCH_USER_PATHS = NO;
				CLANG_ANALYZER_NONNULL = YES;
				CLANG_ANALYZER_NUMBER_OBJECT_CONVERSION = YES_AGGRESSIVE;
				CLANG_CXX_LANGUAGE_STANDARD = "gnu++14";
				CLANG_CXX_LIBRARY = "libc++";
				CLANG_ENABLE_MODULES = YES;
				CLANG_ENABLE_OBJC_ARC = YES;
				CLANG_WARN_BLOCK_CAPTURE_AUTORELEASING = YES;
				CLANG_WARN_BOOL_CONVERSION = YES;
				CLANG_WARN_COMMA = YES;
				CLANG_WARN_CONSTANT_CONVERSION = YES;
				CLANG_WARN_DIRECT_OBJC_ISA_USAGE = YES_ERROR;
				CLANG_WARN_DOCUMENTATION_COMMENTS = YES;
				CLANG_WARN_EMPTY_BODY = YES;
				CLANG_WARN_ENUM_CONVERSION = YES;
				CLANG_WARN_INFINITE_RECURSION = YES;
				CLANG_WARN_INT_CONVERSION = YES;
				CLANG_WARN_NON_LITERAL_NULL_CONVERSION = YES;
				CLANG_WARN_OBJC_LITERAL_CONVERSION = YES;
				CLANG_WARN_OBJC_ROOT_CLASS = YES_ERROR;
				CLANG_WARN_RANGE_LOOP_ANALYSIS = YES;
				CLANG_WARN_STRICT_PROTOTYPES = YES;
				CLANG_WARN_SUSPICIOUS_MOVE = YES;
				CLANG_WARN_UNGUARDED_AVAILABILITY = YES_AGGRESSIVE;
				CLANG_WARN_UNREACHABLE_CODE = YES;
				CLANG_WARN__DUPLICATE_METHOD_MATCH = YES;
				CODE_SIGN_IDENTITY = "iPhone Developer";
				COPY_PHASE_STRIP = NO;
				DEBUG_INFORMATION_FORMAT = "dwarf-with-dsym";
				ENABLE_NS_ASSERTIONS = NO;
				ENABLE_STRICT_OBJC_MSGSEND = YES;
				GCC_C_LANGUAGE_STANDARD = gnu11;
				GCC_NO_COMMON_BLOCKS = YES;
				GCC_WARN_64_TO_32_BIT_CONVERSION = YES;
				GCC_WARN_ABOUT_RETURN_TYPE = YES_ERROR;
				GCC_WARN_UNDECLARED_SELECTOR = YES;
				GCC_WARN_UNINITIALIZED_AUTOS = YES_AGGRESSIVE;
				GCC_WARN_UNUSED_FUNCTION = YES;
				GCC_WARN_UNUSED_VARIABLE = YES;
				IPHONEOS_DEPLOYMENT_TARGET = 11.0;
				MTL_ENABLE_DEBUG_INFO = NO;
				SDKROOT = iphoneos;
				SWIFT_OPTIMIZATION_LEVEL = "-Owholemodule";
				VALIDATE_PRODUCT = YES;
			};
			name = Release;
		};
		8412DA0F22C0772500EB52A1 /* Debug */ = {
			isa = XCBuildConfiguration;
			buildSettings = {
				ASSETCATALOG_COMPILER_APPICON_NAME = AppIcon;
				CODE_SIGN_STYLE = Automatic;
				INFOPLIST_FILE = password/Info.plist;
				LD_RUNPATH_SEARCH_PATHS = "$(inherited) @executable_path/Frameworks";
				PRODUCT_BUNDLE_IDENTIFIER = ios.password;
				PRODUCT_NAME = "$(TARGET_NAME)";
				SWIFT_VERSION = 4.0;
				TARGETED_DEVICE_FAMILY = "1,2";
			};
			name = Debug;
		};
		8412DA1022C0772500EB52A1 /* Release */ = {
			isa = XCBuildConfiguration;
			buildSettings = {
				ASSETCATALOG_COMPILER_APPICON_NAME = AppIcon;
				CODE_SIGN_STYLE = Automatic;
				INFOPLIST_FILE = password/Info.plist;
				LD_RUNPATH_SEARCH_PATHS = "$(inherited) @executable_path/Frameworks";
				PRODUCT_BUNDLE_IDENTIFIER = ios.password;
				PRODUCT_NAME = "$(TARGET_NAME)";
				SWIFT_VERSION = 4.0;
				TARGETED_DEVICE_FAMILY = "1,2";
			};
			name = Release;
		};
/* End XCBuildConfiguration section */

/* Begin XCConfigurationList section */
		8412D9F422C0772500EB52A1 /* Build configuration list for PBXProject "password" */ = {
			isa = XCConfigurationList;
			buildConfigurations = (
				8412DA0C22C0772500EB52A1 /* Debug */,
				8412DA0D22C0772500EB52A1 /* Release */,
			);
			defaultConfigurationIsVisible = 0;
			defaultConfigurationName = Release;
		};
		8412DA0E22C0772500EB52A1 /* Build configuration list for PBXNativeTarget "password" */ = {
			isa = XCConfigurationList;
			buildConfigurations = (
				8412DA0F22C0772500EB52A1 /* Debug */,
				8412DA1022C0772500EB52A1 /* Release */,
			);
			defaultConfigurationIsVisible = 0;
			defaultConfigurationName = Release;
		};
/* End XCConfigurationList section */

/* Begin XCVersionGroup section */
		8412DA0322C0772500EB52A1 /* passwordSecure.xcdatamodeld */ = {
			isa = XCVersionGroup;
			children = (
				8412DA0422C0772500EB52A1 /* password.xcdatamodel */,
			);
			currentVersion = 8412DA0422C0772500EB52A1 /* password.xcdatamodel */;
			path = passwordSecure.xcdatamodeld;
			sourceTree = "<group>";
			versionGroupType = wrapper.xcdatamodel;
		};
/* End XCVersionGroup section */
	};
	rootObject = 8412D9F122C0772500EB52A1 /* Project object */;
}
